
Microsoft Visual Studio Solution File, Format Version 11.00
# Visual Studio 2010
Project("{F2A71F9B-5D33-465A-A702-920D77279786}") = "Refal.Core", "Refal.Core\Refal.Core.fsproj", "{94428322-FEB1-4F9A-B64C-6F057CDE0210}"
EndProject
Global
	GlobalSection(SolutionConfigurationPlatforms) = preSolution
		Debug|Any CPU = Debug|Any CPU
		Release|Any CPU = Release|Any CPU
	EndGlobalSection
	GlobalSection(ProjectConfigurationPlatforms) = postSolution
		{94428322-FEB1-4F9A-B64C-6F057CDE0210}.Debug|Any CPU.ActiveCfg = Debug|Any CPU
		{94428322-FEB1-4F9A-B64C-6F057CDE0210}.Debug|Any CPU.Build.0 = Debug|Any CPU
		{94428322-FEB1-4F9A-B64C-6F057CDE0210}.Release|Any CPU.ActiveCfg = Release|Any CPU
		{94428322-FEB1-4F9A-B64C-6F057CDE0210}.Release|Any CPU.Build.0 = Release|Any CPU
	EndGlobalSection
	GlobalSection(SolutionProperties) = preSolution
		HideSolutionNode = FALSE
	EndGlobalSection
EndGlobal
